{
    "_readme": [
        "This file locks the dependencies of your project to a known state",
        "Read more about it at https://getcomposer.org/doc/01-basic-usage.md#composer-lock-the-lock-file",
        "This file is @generated automatically"
    ],
    "hash": "9ffecb32c2ee3dd76965e6418bdf042a",
    "packages": [
        {
            "name": "saturn/hyperion",
            "version": "1.0.2",
            "source": {
                "type": "git",
                "url": "https://github.com/pkrll/Hyperion.git",
                "reference": "3f05222228a07e4e45bfba3f548314617102cf5c"
            },
            "dist": {
                "type": "zip",
                "url": "https://api.github.com/repos/pkrll/Hyperion/zipball/3f05222228a07e4e45bfba3f548314617102cf5c",
                "reference": "3f05222228a07e4e45bfba3f548314617102cf5c",
                "shasum": ""
            },
            "require": {
                "php": ">=5.3.0"
            },
            "type": "library",
            "autoload": {
                "psr-4": {
                    "hyperion\\": ""
                }
            },
            "notification-url": "https://packagist.org/downloads/",
            "license": [
                "GPL-2.0"
            ],
            "authors": [
                {
                    "name": "Ardalan Samimi",
                    "role": "Developer"
                }
            ],
            "description": "Lightweight MVC framework",
            "homepage": "https://github.com/pkrll/Hyperion",
            "keywords": [
                "framework",
                "hyperion",
                "mvc"
            ],
            "time": "2015-08-18 18:04:13"
        },
        {
            "name": "saturn/session",
            "version": "1.0.0",
            "source": {
                "type": "git",
                "url": "https://github.com/pkrll/Session.git",
                "reference": "91c2cf099bd830f5dc9b0a17a21d9ffcdb8c070a"
            },
            "dist": {
                "type": "zip",
                "url": "https://api.github.com/repos/pkrll/Session/zipball/91c2cf099bd830f5dc9b0a17a21d9ffcdb8c070a",
                "reference": "91c2cf099bd830f5dc9b0a17a21d9ffcdb8c070a",
                "shasum": ""
            },
            "type": "library",
            "notification-url": "https://packagist.org/downloads/",
            "license": [
                "GPL-2.0"
            ],
            "authors": [
                {
                    "name": "Ardalan Samimi",
                    "role": "Developer"
                }
            ],
            "description": "PHP Wrapper class for Sessions.",
            "homepage": "https://github.com/pkrll/Session",
            "time": "2015-08-18 20:27:38"
        }
    ],
    "packages-dev": [],
    "aliases": [],
    "minimum-stability": "stable",
    "stability-flags": [],
    "prefer-stable": false,
    "prefer-lowest": false,
    "platform": [],
    "platform-dev": []
}
